
Microsoft Visual Studio Solution File, Format Version 12.00
# Visual Studio 15
VisualStudioVersion = 15.0.27130.2010
MinimumVisualStudioVersion = 10.0.40219.1
Project("{FAE04EC0-301F-11D3-BF4B-00C04F79EFBC}") = "VSTS.PullRequest.Bot", "VSTS.PullRequest.Bot\VSTS.PullRequest.Bot.csproj", "{D1611042-45BF-4B4F-8E53-714700C7C044}"
EndProject
Global
	GlobalSection(SolutionConfigurationPlatforms) = preSolution
		Debug|Any CPU = Debug|Any CPU
		Release|Any CPU = Release|Any CPU
	EndGlobalSection
	GlobalSection(ProjectConfigurationPlatforms) = postSolution
		{D1611042-45BF-4B4F-8E53-714700C7C044}.Debug|Any CPU.ActiveCfg = Debug|Any CPU
		{D1611042-45BF-4B4F-8E53-714700C7C044}.Debug|Any CPU.Build.0 = Debug|Any CPU
		{D1611042-45BF-4B4F-8E53-714700C7C044}.Release|Any CPU.ActiveCfg = Release|Any CPU
		{D1611042-45BF-4B4F-8E53-714700C7C044}.Release|Any CPU.Build.0 = Release|Any CPU
	EndGlobalSection
	GlobalSection(SolutionProperties) = preSolution
		HideSolutionNode = FALSE
	EndGlobalSection
	GlobalSection(ExtensibilityGlobals) = postSolution
		SolutionGuid = {C1961B6B-118F-4194-8531-695A3D69525B}
	EndGlobalSection
EndGlobal
